
Microsoft Visual Studio Solution File, Format Version 12.00
# Visual Studio Version 17
VisualStudioVersion = 17.14.37027.9 d17.14
MinimumVisualStudioVersion = 10.0.40219.1
Project("{FAE04EC0-301F-11D3-BF4B-00C04F79EFBC}") = "MauiAppMinhasCompras", "MauiAppMinhasCompras\MauiAppMinhasCompras.csproj", "{D8BB2144-6AC4-4F2A-894E-49C00673629C}"
EndProject
Global
	GlobalSection(SolutionConfigurationPlatforms) = preSolution
		Debug|Any CPU = Debug|Any CPU
		Release|Any CPU = Release|Any CPU
	EndGlobalSection
	GlobalSection(ProjectConfigurationPlatforms) = postSolution
		{D8BB2144-6AC4-4F2A-894E-49C00673629C}.Debug|Any CPU.ActiveCfg = Debug|Any CPU
		{D8BB2144-6AC4-4F2A-894E-49C00673629C}.Debug|Any CPU.Build.0 = Debug|Any CPU
		{D8BB2144-6AC4-4F2A-894E-49C00673629C}.Debug|Any CPU.Deploy.0 = Debug|Any CPU
		{D8BB2144-6AC4-4F2A-894E-49C00673629C}.Release|Any CPU.ActiveCfg = Release|Any CPU
		{D8BB2144-6AC4-4F2A-894E-49C00673629C}.Release|Any CPU.Build.0 = Release|Any CPU
		{D8BB2144-6AC4-4F2A-894E-49C00673629C}.Release|Any CPU.Deploy.0 = Release|Any CPU
	EndGlobalSection
	GlobalSection(SolutionProperties) = preSolution
		HideSolutionNode = FALSE
	EndGlobalSection
	GlobalSection(ExtensibilityGlobals) = postSolution
		SolutionGuid = {EA414904-252D-42E8-87C8-39B9DD53A9DC}
	EndGlobalSection
EndGlobal
